// !$*UTF8*$!
{
	archiveVersion = 1;
	classes = {
	};
	objectVersion = 56;
	objects = {

/* Begin PBXBuildFile section */
		1E31579B29F90EF0001F7D2D /* AppDelegate.m in Sources */ = {isa = PBXBuildFile; fileRef = 1E31579A29F90EF0001F7D2D /* AppDelegate.m */; };
		1E31579E29F90EF0001F7D2D /* SceneDelegate.m in Sources */ = {isa = PBXBuildFile; fileRef = 1E31579D29F90EF0001F7D2D /* SceneDelegate.m */; };
		1E3157A429F90EF0001F7D2D /* Main.storyboard in Resources */ = {isa = PBXBuildFile; fileRef = 1E3157A229F90EF0001F7D2D /* Main.storyboard */; };
		1E3157A629F90EF1001F7D2D /* Assets.xcassets in Resources */ = {isa = PBXBuildFile; fileRef = 1E3157A529F90EF1001F7D2D /* Assets.xcassets */; };
		1E3157A929F90EF1001F7D2D /* LaunchScreen.storyboard in Resources */ = {isa = PBXBuildFile; fileRef = 1E3157A729F90EF1001F7D2D /* LaunchScreen.storyboard */; };
		1E3157AC29F90EF1001F7D2D /* main.m in Sources */ = {isa = PBXBuildFile; fileRef = 1E3157AB29F90EF1001F7D2D /* main.m */; };
		1E3157B429F90F49001F7D2D /* ToDoScreen.m in Sources */ = {isa = PBXBuildFile; fileRef = 1E3157B329F90F48001F7D2D /* ToDoScreen.m */; };
		1E3157BA29F90F7E001F7D2D /* DoneScreen.m in Sources */ = {isa = PBXBuildFile; fileRef = 1E3157B929F90F7E001F7D2D /* DoneScreen.m */; };
		1E3157BD29F90FA0001F7D2D /* InProgressScreen.m in Sources */ = {isa = PBXBuildFile; fileRef = 1E3157BC29F90FA0001F7D2D /* InProgressScreen.m */; };
		1E3157C329F92011001F7D2D /* AddTaskScreen.m in Sources */ = {isa = PBXBuildFile; fileRef = 1E3157C229F92011001F7D2D /* AddTaskScreen.m */; };
		1E3157C629F9247C001F7D2D /* Task.m in Sources */ = {isa = PBXBuildFile; fileRef = 1E3157C529F9247C001F7D2D /* Task.m */; };
		1E3157CA29F947E5001F7D2D /* DetailsScreen.m in Sources */ = {isa = PBXBuildFile; fileRef = 1E3157C929F947E5001F7D2D /* DetailsScreen.m */; };
		1E3157CD29F94EFD001F7D2D /* EditScreen.m in Sources */ = {isa = PBXBuildFile; fileRef = 1E3157CC29F94EFD001F7D2D /* EditScreen.m */; };
/* End PBXBuildFile section */

/* Begin PBXFileReference section */
		1E31579629F90EF0001F7D2D /* TODO List.app */ = {isa = PBXFileReference; explicitFileType = wrapper.application; includeInIndex = 0; path = "TODO List.app"; sourceTree = BUILT_PRODUCTS_DIR; };
		1E31579929F90EF0001F7D2D /* AppDelegate.h */ = {isa = PBXFileReference; lastKnownFileType = sourcecode.c.h; path = AppDelegate.h; sourceTree = "<group>"; };
		1E31579A29F90EF0001F7D2D /* AppDelegate.m */ = {isa = PBXFileReference; lastKnownFileType = sourcecode.c.objc; path = AppDelegate.m; sourceTree = "<group>"; };
		1E31579C29F90EF0001F7D2D /* SceneDelegate.h */ = {isa = PBXFileReference; lastKnownFileType = sourcecode.c.h; path = SceneDelegate.h; sourceTree = "<group>"; };
		1E31579D29F90EF0001F7D2D /* SceneDelegate.m */ = {isa = PBXFileReference; lastKnownFileType = sourcecode.c.objc; path = SceneDelegate.m; sourceTree = "<group>"; };
		1E3157A329F90EF0001F7D2D /* Base */ = {isa = PBXFileReference; lastKnownFileType = file.storyboard; name = Base; path = Base.lproj/Main.storyboard; sourceTree = "<group>"; };
		1E3157A529F90EF1001F7D2D /* Assets.xcassets */ = {isa = PBXFileReference; lastKnownFileType = folder.assetcatalog; path = Assets.xcassets; sourceTree = "<group>"; };
		1E3157A829F90EF1001F7D2D /* Base */ = {isa = PBXFileReference; lastKnownFileType = file.storyboard; name = Base; path = Base.lproj/LaunchScreen.storyboard; sourceTree = "<group>"; };
		1E3157AA29F90EF1001F7D2D /* Info.plist */ = {isa = PBXFileReference; lastKnownFileType = text.plist.xml; path = Info.plist; sourceTree = "<group>"; };
		1E3157AB29F90EF1001F7D2D /* main.m */ = {isa = PBXFileReference; lastKnownFileType = sourcecode.c.objc; path = main.m; sourceTree = "<group>"; };
		1E3157B229F90F48001F7D2D /* ToDoScreen.h */ = {isa = PBXFileReference; lastKnownFileType = sourcecode.c.h; path = ToDoScreen.h; sourceTree = "<group>"; };
		1E3157B329F90F48001F7D2D /* ToDoScreen.m */ = {isa = PBXFileReference; lastKnownFileType = sourcecode.c.objc; path = ToDoScreen.m; sourceTree = "<group>"; };
		1E3157B829F90F7E001F7D2D /* DoneScreen.h */ = {isa = PBXFileReference; lastKnownFileType = sourcecode.c.h; path = DoneScreen.h; sourceTree = "<group>"; };
		1E3157B929F90F7E001F7D2D /* DoneScreen.m */ = {isa = PBXFileReference; lastKnownFileType = sourcecode.c.objc; path = DoneScreen.m; sourceTree = "<group>"; };
		1E3157BB29F90FA0001F7D2D /* InProgressScreen.h */ = {isa = PBXFileReference; lastKnownFileType = sourcecode.c.h; path = InProgressScreen.h; sourceTree = "<group>"; };
		1E3157BC29F90FA0001F7D2D /* InProgressScreen.m */ = {isa = PBXFileReference; lastKnownFileType = sourcecode.c.objc; path = InProgressScreen.m; sourceTree = "<group>"; };
		1E3157C129F92011001F7D2D /* AddTaskScreen.h */ = {isa = PBXFileReference; lastKnownFileType = sourcecode.c.h; path = AddTaskScreen.h; sourceTree = "<group>"; };
		1E3157C229F92011001F7D2D /* AddTaskScreen.m */ = {isa = PBXFileReference; lastKnownFileType = sourcecode.c.objc; path = AddTaskScreen.m; sourceTree = "<group>"; };
		1E3157C429F9247C001F7D2D /* Task.h */ = {isa = PBXFileReference; lastKnownFileType = sourcecode.c.h; path = Task.h; sourceTree = "<group>"; };
		1E3157C529F9247C001F7D2D /* Task.m */ = {isa = PBXFileReference; lastKnownFileType = sourcecode.c.objc; path = Task.m; sourceTree = "<group>"; };
		1E3157C729F92E8D001F7D2D /* AddTaskProtocol.h */ = {isa = PBXFileReference; lastKnownFileType = sourcecode.c.h; path = AddTaskProtocol.h; sourceTree = "<group>"; };
		1E3157C829F947E5001F7D2D /* DetailsScreen.h */ = {isa = PBXFileReference; lastKnownFileType = sourcecode.c.h; path = DetailsScreen.h; sourceTree = "<group>"; };
		1E3157C929F947E5001F7D2D /* DetailsScreen.m */ = {isa = PBXFileReference; lastKnownFileType = sourcecode.c.objc; path = DetailsScreen.m; sourceTree = "<group>"; };
		1E3157CB29F94EFD001F7D2D /* EditScreen.h */ = {isa = PBXFileReference; lastKnownFileType = sourcecode.c.h; path = EditScreen.h; sourceTree = "<group>"; };
		1E3157CC29F94EFD001F7D2D /* EditScreen.m */ = {isa = PBXFileReference; lastKnownFileType = sourcecode.c.objc; path = EditScreen.m; sourceTree = "<group>"; };
/* End PBXFileReference section */

/* Begin PBXFrameworksBuildPhase section */
		1E31579329F90EF0001F7D2D /* Frameworks */ = {
			isa = PBXFrameworksBuildPhase;
			buildActionMask = 2147483647;
			files = (
			);
			runOnlyForDeploymentPostprocessing = 0;
		};
/* End PBXFrameworksBuildPhase section */

/* Begin PBXGroup section */
		1E31578D29F90EF0001F7D2D = {
			isa = PBXGroup;
			children = (
				1E31579829F90EF0001F7D2D /* TODO List */,
				1E31579729F90EF0001F7D2D /* Products */,
			);
			sourceTree = "<group>";
		};
		1E31579729F90EF0001F7D2D /* Products */ = {
			isa = PBXGroup;
			children = (
				1E31579629F90EF0001F7D2D /* TODO List.app */,
			);
			name = Products;
			sourceTree = "<group>";
		};
		1E31579829F90EF0001F7D2D /* TODO List */ = {
			isa = PBXGroup;
			children = (
				1E31579929F90EF0001F7D2D /* AppDelegate.h */,
				1E31579A29F90EF0001F7D2D /* AppDelegate.m */,
				1E31579C29F90EF0001F7D2D /* SceneDelegate.h */,
				1E3157A229F90EF0001F7D2D /* Main.storyboard */,
				1E31579D29F90EF0001F7D2D /* SceneDelegate.m */,
				1E3157A529F90EF1001F7D2D /* Assets.xcassets */,
				1E3157A729F90EF1001F7D2D /* LaunchScreen.storyboard */,
				1E3157AA29F90EF1001F7D2D /* Info.plist */,
				1E3157AB29F90EF1001F7D2D /* main.m */,
				1E3157B229F90F48001F7D2D /* ToDoScreen.h */,
				1E3157B329F90F48001F7D2D /* ToDoScreen.m */,
				1E3157B829F90F7E001F7D2D /* DoneScreen.h */,
				1E3157B929F90F7E001F7D2D /* DoneScreen.m */,
				1E3157BB29F90FA0001F7D2D /* InProgressScreen.h */,
				1E3157BC29F90FA0001F7D2D /* InProgressScreen.m */,
				1E3157C129F92011001F7D2D /* AddTaskScreen.h */,
				1E3157C229F92011001F7D2D /* AddTaskScreen.m */,
				1E3157C429F9247C001F7D2D /* Task.h */,
				1E3157C529F9247C001F7D2D /* Task.m */,
				1E3157C729F92E8D001F7D2D /* AddTaskProtocol.h */,
				1E3157C829F947E5001F7D2D /* DetailsScreen.h */,
				1E3157C929F947E5001F7D2D /* DetailsScreen.m */,
				1E3157CB29F94EFD001F7D2D /* EditScreen.h */,
				1E3157CC29F94EFD001F7D2D /* EditScreen.m */,
			);
			path = "TODO List";
			sourceTree = "<group>";
		};
/* End PBXGroup section */

/* Begin PBXNativeTarget section */
		1E31579529F90EF0001F7D2D /* TODO List */ = {
			isa = PBXNativeTarget;
			buildConfigurationList = 1E3157AF29F90EF1001F7D2D /* Build configuration list for PBXNativeTarget "TODO List" */;
			buildPhases = (
				1E31579229F90EF0001F7D2D /* Sources */,
				1E31579329F90EF0001F7D2D /* Frameworks */,
				1E31579429F90EF0001F7D2D /* Resources */,
			);
			buildRules = (
			);
			dependencies = (
			);
			name = "TODO List";
			productName = "TODO List";
			productReference = 1E31579629F90EF0001F7D2D /* TODO List.app */;
			productType = "com.apple.product-type.application";
		};
/* End PBXNativeTarget section */

/* Begin PBXProject section */
		1E31578E29F90EF0001F7D2D /* Project object */ = {
			isa = PBXProject;
			attributes = {
				BuildIndependentTargetsInParallel = 1;
				LastUpgradeCheck = 1430;
				TargetAttributes = {
					1E31579529F90EF0001F7D2D = {
						CreatedOnToolsVersion = 14.3;
					};
				};
			};
			buildConfigurationList = 1E31579129F90EF0001F7D2D /* Build configuration list for PBXProject "TODO List" */;
			compatibilityVersion = "Xcode 14.0";
			developmentRegion = en;
			hasScannedForEncodings = 0;
			knownRegions = (
				en,
				Base,
			);
			mainGroup = 1E31578D29F90EF0001F7D2D;
			productRefGroup = 1E31579729F90EF0001F7D2D /* Products */;
			projectDirPath = "";
			projectRoot = "";
			targets = (
				1E31579529F90EF0001F7D2D /* TODO List */,
			);
		};
/* End PBXProject section */

/* Begin PBXResourcesBuildPhase section */
		1E31579429F90EF0001F7D2D /* Resources */ = {
			isa = PBXResourcesBuildPhase;
			buildActionMask = 2147483647;
			files = (
				1E3157A929F90EF1001F7D2D /* LaunchScreen.storyboard in Resources */,
				1E3157A629F90EF1001F7D2D /* Assets.xcassets in Resources */,
				1E3157A429F90EF0001F7D2D /* Main.storyboard in Resources */,
			);
			runOnlyForDeploymentPostprocessing = 0;
		};
/* End PBXResourcesBuildPhase section */

/* Begin PBXSourcesBuildPhase section */
		1E31579229F90EF0001F7D2D /* Sources */ = {
			isa = PBXSourcesBuildPhase;
			buildActionMask = 2147483647;
			files = (
				1E31579B29F90EF0001F7D2D /* AppDelegate.m in Sources */,
				1E3157BA29F90F7E001F7D2D /* DoneScreen.m in Sources */,
				1E3157B429F90F49001F7D2D /* ToDoScreen.m in Sources */,
				1E3157AC29F90EF1001F7D2D /* main.m in Sources */,
				1E3157C629F9247C001F7D2D /* Task.m in Sources */,
				1E3157CD29F94EFD001F7D2D /* EditScreen.m in Sources */,
				1E31579E29F90EF0001F7D2D /* SceneDelegate.m in Sources */,
				1E3157CA29F947E5001F7D2D /* DetailsScreen.m in Sources */,
				1E3157C329F92011001F7D2D /* AddTaskScreen.m in Sources */,
				1E3157BD29F90FA0001F7D2D /* InProgressScreen.m in Sources */,
			);
			runOnlyForDeploymentPostprocessing = 0;
		};
/* End PBXSourcesBuildPhase section */

/* Begin PBXVariantGroup section */
		1E3157A229F90EF0001F7D2D /* Main.storyboard */ = {
			isa = PBXVariantGroup;
			children = (
				1E3157A329F90EF0001F7D2D /* Base */,
			);
			name = Main.storyboard;
			sourceTree = "<group>";
		};
		1E3157A729F90EF1001F7D2D /* LaunchScreen.storyboard */ = {
			isa = PBXVariantGroup;
			children = (
				1E3157A829F90EF1001F7D2D /* Base */,
			);
			name = LaunchScreen.storyboard;
			sourceTree = "<group>";
		};
/* End PBXVariantGroup section */

/* Begin XCBuildConfiguration section */
		1E3157AD29F90EF1001F7D2D /* Debug */ = {
			isa = XCBuildConfiguration;
			buildSettings = {
				ALWAYS_SEARCH_USER_PATHS = NO;
				CLANG_ANALYZER_NONNULL = YES;
				CLANG_ANALYZER_NUMBER_OBJECT_CONVERSION = YES_AGGRESSIVE;
				CLANG_CXX_LANGUAGE_STANDARD = "gnu++20";
				CLANG_ENABLE_MODULES = YES;
				CLANG_ENABLE_OBJC_ARC = YES;
				CLANG_ENABLE_OBJC_WEAK = YES;
				CLANG_WARN_BLOCK_CAPTURE_AUTORELEASING = YES;
				CLANG_WARN_BOOL_CONVERSION = YES;
				CLANG_WARN_COMMA = YES;
				CLANG_WARN_CONSTANT_CONVERSION = YES;
				CLANG_WARN_DEPRECATED_OBJC_IMPLEMENTATIONS = YES;
				CLANG_WARN_DIRECT_OBJC_ISA_USAGE = YES_ERROR;
				CLANG_WARN_DOCUMENTATION_COMMENTS = YES;
				CLANG_WARN_EMPTY_BODY = YES;
				CLANG_WARN_ENUM_CONVERSION = YES;
				CLANG_WARN_INFINITE_RECURSION = YES;
				CLANG_WARN_INT_CONVERSION = YES;
				CLANG_WARN_NON_LITERAL_NULL_CONVERSION = YES;
				CLANG_WARN_OBJC_IMPLICIT_RETAIN_SELF = YES;
				CLANG_WARN_OBJC_LITERAL_CONVERSION = YES;
				CLANG_WARN_OBJC_ROOT_CLASS = YES_ERROR;
				CLANG_WARN_QUOTED_INCLUDE_IN_FRAMEWORK_HEADER = YES;
				CLANG_WARN_RANGE_LOOP_ANALYSIS = YES;
				CLANG_WARN_STRICT_PROTOTYPES = YES;
				CLANG_WARN_SUSPICIOUS_MOVE = YES;
				CLANG_WARN_UNGUARDED_AVAILABILITY = YES_AGGRESSIVE;
				CLANG_WARN_UNREACHABLE_CODE = YES;
				CLANG_WARN__DUPLICATE_METHOD_MATCH = YES;
				COPY_PHASE_STRIP = NO;
				DEBUG_INFORMATION_FORMAT = dwarf;
				ENABLE_STRICT_OBJC_MSGSEND = YES;
				ENABLE_TESTABILITY = YES;
				GCC_C_LANGUAGE_STANDARD = gnu11;
				GCC_DYNAMIC_NO_PIC = NO;
				GCC_NO_COMMON_BLOCKS = YES;
				GCC_OPTIMIZATION_LEVEL = 0;
				GCC_PREPROCESSOR_DEFINITIONS = (
					"DEBUG=1",
					"$(inherited)",
				);
				GCC_WARN_64_TO_32_BIT_CONVERSION = YES;
				GCC_WARN_ABOUT_RETURN_TYPE = YES_ERROR;
				GCC_WARN_UNDECLARED_SELECTOR = YES;
				GCC_WARN_UNINITIALIZED_AUTOS = YES_AGGRESSIVE;
				GCC_WARN_UNUSED_FUNCTION = YES;
				GCC_WARN_UNUSED_VARIABLE = YES;
				IPHONEOS_DEPLOYMENT_TARGET = 16.4;
				MTL_ENABLE_DEBUG_INFO = INCLUDE_SOURCE;
				MTL_FAST_MATH = YES;
				ONLY_ACTIVE_ARCH = YES;
				SDKROOT = iphoneos;
			};
			name = Debug;
		};
		1E3157AE29F90EF1001F7D2D /* Release */ = {
			isa = XCBuildConfiguration;
			buildSettings = {
				ALWAYS_SEARCH_USER_PATHS = NO;
				CLANG_ANALYZER_NONNULL = YES;
				CLANG_ANALYZER_NUMBER_OBJECT_CONVERSION = YES_AGGRESSIVE;
				CLANG_CXX_LANGUAGE_STANDARD = "gnu++20";
				CLANG_ENABLE_MODULES = YES;
				CLANG_ENABLE_OBJC_ARC = YES;
				CLANG_ENABLE_OBJC_WEAK = YES;
				CLANG_WARN_BLOCK_CAPTURE_AUTORELEASING = YES;
				CLANG_WARN_BOOL_CONVERSION = YES;
				CLANG_WARN_COMMA = YES;
				CLANG_WARN_CONSTANT_CONVERSION = YES;
				CLANG_WARN_DEPRECATED_OBJC_IMPLEMENTATIONS = YES;
				CLANG_WARN_DIRECT_OBJC_ISA_USAGE = YES_ERROR;
				CLANG_WARN_DOCUMENTATION_COMMENTS = YES;
				CLANG_WARN_EMPTY_BODY = YES;
				CLANG_WARN_ENUM_CONVERSION = YES;
				CLANG_WARN_INFINITE_RECURSION = YES;
				CLANG_WARN_INT_CONVERSION = YES;
				CLANG_WARN_NON_LITERAL_NULL_CONVERSION = YES;
				CLANG_WARN_OBJC_IMPLICIT_RETAIN_SELF = YES;
				CLANG_WARN_OBJC_LITERAL_CONVERSION = YES;
				CLANG_WARN_OBJC_ROOT_CLASS = YES_ERROR;
				CLANG_WARN_QUOTED_INCLUDE_IN_FRAMEWORK_HEADER = YES;
				CLANG_WARN_RANGE_LOOP_ANALYSIS = YES;
				CLANG_WARN_STRICT_PROTOTYPES = YES;
				CLANG_WARN_SUSPICIOUS_MOVE = YES;
				CLANG_WARN_UNGUARDED_AVAILABILITY = YES_AGGRESSIVE;
				CLANG_WARN_UNREACHABLE_CODE = YES;
				CLANG_WARN__DUPLICATE_METHOD_MATCH = YES;
				COPY_PHASE_STRIP = NO;
				DEBUG_INFORMATION_FORMAT = "dwarf-with-dsym";
				ENABLE_NS_ASSERTIONS = NO;
				ENABLE_STRICT_OBJC_MSGSEND = YES;
				GCC_C_LANGUAGE_STANDARD = gnu11;
				GCC_NO_COMMON_BLOCKS = YES;
				GCC_WARN_64_TO_32_BIT_CONVERSION = YES;
				GCC_WARN_ABOUT_RETURN_TYPE = YES_ERROR;
				GCC_WARN_UNDECLARED_SELECTOR = YES;
				GCC_WARN_UNINITIALIZED_AUTOS = YES_AGGRESSIVE;
				GCC_WARN_UNUSED_FUNCTION = YES;
				GCC_WARN_UNUSED_VARIABLE = YES;
				IPHONEOS_DEPLOYMENT_TARGET = 16.4;
				MTL_ENABLE_DEBUG_INFO = NO;
				MTL_FAST_MATH = YES;
				SDKROOT = iphoneos;
				VALIDATE_PRODUCT = YES;
			};
			name = Release;
		};
		1E3157B029F90EF1001F7D2D /* Debug */ = {
			isa = XCBuildConfiguration;
			buildSettings = {
				ASSETCATALOG_COMPILER_APPICON_NAME = AppIcon;
				ASSETCATALOG_COMPILER_GLOBAL_ACCENT_COLOR_NAME = AccentColor;
				CODE_SIGN_STYLE = Automatic;
				CURRENT_PROJECT_VERSION = 1;
				GENERATE_INFOPLIST_FILE = YES;
				INFOPLIST_FILE = "TODO List/Info.plist";
				INFOPLIST_KEY_UIApplicationSupportsIndirectInputEvents = YES;
				INFOPLIST_KEY_UILaunchStoryboardName = LaunchScreen;
				INFOPLIST_KEY_UIMainStoryboardFile = Main;
				INFOPLIST_KEY_UISupportedInterfaceOrientations_iPad = "UIInterfaceOrientationPortrait UIInterfaceOrientationPortraitUpsideDown UIInterfaceOrientationLandscapeLeft UIInterfaceOrientationLandscapeRight";
				INFOPLIST_KEY_UISupportedInterfaceOrientations_iPhone = "UIInterfaceOrientationPortrait UIInterfaceOrientationLandscapeLeft UIInterfaceOrientationLandscapeRight";
				IPHONEOS_DEPLOYMENT_TARGET = 16.1;
				LD_RUNPATH_SEARCH_PATHS = (
					"$(inherited)",
					"@executable_path/Frameworks",
				);
				MARKETING_VERSION = 1.0;
				PRODUCT_BUNDLE_IDENTIFIER = "ITI.TODO-List";
				PRODUCT_NAME = "$(TARGET_NAME)";
				SWIFT_EMIT_LOC_STRINGS = YES;
				TARGETED_DEVICE_FAMILY = "1,2";
			};
			name = Debug;
		};
		1E3157B129F90EF1001F7D2D /* Release */ = {
			isa = XCBuildConfiguration;
			buildSettings = {
				ASSETCATALOG_COMPILER_APPICON_NAME = AppIcon;
				ASSETCATALOG_COMPILER_GLOBAL_ACCENT_COLOR_NAME = AccentColor;
				CODE_SIGN_STYLE = Automatic;
				CURRENT_PROJECT_VERSION = 1;
				GENERATE_INFOPLIST_FILE = YES;
				INFOPLIST_FILE = "TODO List/Info.plist";
				INFOPLIST_KEY_UIApplicationSupportsIndirectInputEvents = YES;
				INFOPLIST_KEY_UILaunchStoryboardName = LaunchScreen;
				INFOPLIST_KEY_UIMainStoryboardFile = Main;
				INFOPLIST_KEY_UISupportedInterfaceOrientations_iPad = "UIInterfaceOrientationPortrait UIInterfaceOrientationPortraitUpsideDown UIInterfaceOrientationLandscapeLeft UIInterfaceOrientationLandscapeRight";
				INFOPLIST_KEY_UISupportedInterfaceOrientations_iPhone = "UIInterfaceOrientationPortrait UIInterfaceOrientationLandscapeLeft UIInterfaceOrientationLandscapeRight";
				IPHONEOS_DEPLOYMENT_TARGET = 16.1;
				LD_RUNPATH_SEARCH_PATHS = (
					"$(inherited)",
					"@executable_path/Frameworks",
				);
				MARKETING_VERSION = 1.0;
				PRODUCT_BUNDLE_IDENTIFIER = "ITI.TODO-List";
				PRODUCT_NAME = "$(TARGET_NAME)";
				SWIFT_EMIT_LOC_STRINGS = YES;
				TARGETED_DEVICE_FAMILY = "1,2";
			};
			name = Release;
		};
/* End XCBuildConfiguration section */

/* Begin XCConfigurationList section */
		1E31579129F90EF0001F7D2D /* Build configuration list for PBXProject "TODO List" */ = {
			isa = XCConfigurationList;
			buildConfigurations = (
				1E3157AD29F90EF1001F7D2D /* Debug */,
				1E3157AE29F90EF1001F7D2D /* Release */,
			);
			defaultConfigurationIsVisible = 0;
			defaultConfigurationName = Release;
		};
		1E3157AF29F90EF1001F7D2D /* Build configuration list for PBXNativeTarget "TODO List" */ = {
			isa = XCConfigurationList;
			buildConfigurations = (
				1E3157B029F90EF1001F7D2D /* Debug */,
				1E3157B129F90EF1001F7D2D /* Release */,
			);
			defaultConfigurationIsVisible = 0;
			defaultConfigurationName = Release;
		};
/* End XCConfigurationList section */
	};
	rootObject = 1E31578E29F90EF0001F7D2D /* Project object */;
}
